{
  "lockfileVersion": 1,
  "configVersion": 1,
  "workspaces": {
    "": {
      "name": "sockt",
      "dependencies": {
        "@ai-sdk/amazon-bedrock": "^5.0.0",
      },
      "devDependencies": {
        "@types/bun": "latest",
        "eslint": "^10.5.0",
        "zod": "^4.4.3",
        "zod-to-json-schema": "^3.25.2",
      },
      "peerDependencies": {
        "typescript": "^5",
      },
    },
    "packages/cadvp": {
      "name": "@sockt/cadvp",
      "version": "0.0.1",
      "dependencies": {
        "@sockt/types": "workspace:*",
      },
    },
    "packages/fsm": {
      "name": "@sockt/fsm",
      "version": "0.0.1",
      "dependencies": {
        "@sockt/types": "workspace:*",
        "uuid": "latest",
      },
    },
    "packages/gbrain-mcp": {
      "name": "@sockt/gbrain-mcp",
      "version": "0.0.1",
      "dependencies": {
        "@sockt/types": "workspace:*",
      },
    },
    "packages/memory": {
      "name": "@sockt/memory",
      "version": "0.0.1",
      "dependencies": {
        "@sockt/types": "workspace:*",
      },
    },
    "packages/orch": {
      "name": "@sockt/orch",
      "version": "0.0.1",
      "dependencies": {
        "@sockt/fsm": "workspace:*",
        "@sockt/types": "workspace:*",
        "hono": "^4.6",
        "node-cron": "^3.0",
      },
      "devDependencies": {
        "@types/node-cron": "^3.0",
      },
    },
    "packages/runtime": {
      "name": "@sockt/runtime",
      "version": "0.0.1",
      "dependencies": {
        "@ai-sdk/amazon-bedrock": "^1.0",
        "@ai-sdk/anthropic": "^1.0",
        "@ai-sdk/groq": "^1.0",
        "@ai-sdk/openai": "^1.0",
        "@sockt/types": "workspace:*",
        "ai": "^4.0",
      },
    },
    "packages/types": {
      "name": "@sockt/types",
      "version": "0.0.1",
      "peerDependencies": {
        "zod": ">=4",
      },
    },
    "packages/ui": {
      "name": "@sockt/ui",
      "version": "0.1.0",
      "dependencies": {
        "react": "^19.0.0",
        "react-dom": "^19.0.0",
      },
      "devDependencies": {
        "@types/react": "^19.0.0",
        "@types/react-dom": "^19.0.0",
      },
    },
  },
  "packages": {
    "@ai-sdk/amazon-bedrock": ["@ai-sdk/amazon-bedrock@5.0.10", "", { "dependencies": { "@ai-sdk/anthropic": "4.0.7", "@ai-sdk/openai": "4.0.7", "@ai-sdk/provider": "4.0.2", "@ai-sdk/provider-utils": "5.0.5", "@smithy/eventstream-codec": "^4.3.3", "@smithy/util-utf8": "^4.3.3", "aws4fetch": "^1.0.20" }, "peerDependencies": { "zod": "^3.25.76 || ^4.1.8" } }, "sha512-PhO/tv0jfVpDLD6xmkrgBtwqX5OVM2cMHVOdwSpTIlV5y04XCEtj1O4R7tM/R1+ahqK9yhR8WY5Jp2CbQz948g=="],

    "@ai-sdk/anthropic": ["@ai-sdk/anthropic@1.2.12", "", { "dependencies": { "@ai-sdk/provider": "1.1.3", "@ai-sdk/provider-utils": "2.2.8" }, "peerDependencies": { "zod": "^3.0.0" } }, "sha512-YSzjlko7JvuiyQFmI9RN1tNZdEiZxc+6xld/0tq/VkJaHpEzGAb1yiNxxvmYVcjvfu/PcvCxAAYXmTYQQ63IHQ=="],

    "@ai-sdk/groq": ["@ai-sdk/groq@1.2.9", "", { "dependencies": { "@ai-sdk/provider": "1.1.3", "@ai-sdk/provider-utils": "2.2.8" }, "peerDependencies": { "zod": "^3.0.0" } }, "sha512-7MoDaxm8yWtiRbD1LipYZG0kBl+Xe0sv/EeyxnHnGPZappXdlgtdOgTZVjjXkT3nWP30jjZi9A45zoVrBMb3Xg=="],

    "@ai-sdk/openai": ["@ai-sdk/openai@1.3.24", "", { "dependencies": { "@ai-sdk/provider": "1.1.3", "@ai-sdk/provider-utils": "2.2.8" }, "peerDependencies": { "zod": "^3.0.0" } }, "sha512-GYXnGJTHRTZc4gJMSmFRgEQudjqd4PUN0ZjQhPwOAYH1yOAvQoG/Ikqs+HyISRbLPCrhbZnPKCNHuRU4OfpW0Q=="],

    "@ai-sdk/provider": ["@ai-sdk/provider@4.0.2", "", { "dependencies": { "json-schema": "^0.4.0" } }, "sha512-pfPoy9J1B1xV7cqJ8MYHOsDYrMv5tR3+EMNfI249OhkD2uRakvav3Fo7XpD2luuN/YNCBY7KfEQc7vEV7KEtyw=="],

    "@ai-sdk/provider-utils": ["@ai-sdk/provider-utils@5.0.5", "", { "dependencies": { "@ai-sdk/provider": "4.0.2", "@standard-schema/spec": "^1.1.0", "@workflow/serde": "4.1.0", "eventsource-parser": "^3.0.8" }, "peerDependencies": { "zod": "^3.25.76 || ^4.1.8" } }, "sha512-oI0t3dvCoqWNV1I8o1Rybi2DXDvHES5r/TrwtJW90tuFLVepgJlftPxrcjh8vaSvjqC2diTuA2vXyjKAyHJm4A=="],

    "@ai-sdk/react": ["@ai-sdk/react@1.2.12", "", { "dependencies": { "@ai-sdk/provider-utils": "2.2.8", "@ai-sdk/ui-utils": "1.2.11", "swr": "^2.2.5", "throttleit": "2.1.0" }, "peerDependencies": { "react": "^18 || ^19 || ^19.0.0-rc", "zod": "^3.23.8" }, "optionalPeers": ["zod"] }, "sha512-jK1IZZ22evPZoQW3vlkZ7wvjYGYF+tRBKXtrcolduIkQ/m/sOAVcVeVDUDvh1T91xCnWCdUGCPZg2avZ90mv3g=="],

    "@ai-sdk/ui-utils": ["@ai-sdk/ui-utils@1.2.11", "", { "dependencies": { "@ai-sdk/provider": "1.1.3", "@ai-sdk/provider-utils": "2.2.8", "zod-to-json-schema": "^3.24.1" }, "peerDependencies": { "zod": "^3.23.8" } }, "sha512-3zcwCc8ezzFlwp3ZD15wAPjf2Au4s3vAbKsXQVyhxODHcmu0iyPO2Eua6D/vicq/AUm/BAo60r97O6HU+EI0+w=="],

    "@aws-sdk/client-bedrock-runtime": ["@aws-sdk/client-bedrock-runtime@3.1079.0", "", { "dependencies": { "@aws-sdk/core": "^3.974.27", "@aws-sdk/credential-provider-node": "^3.972.62", "@aws-sdk/eventstream-handler-node": "^3.972.25", "@aws-sdk/middleware-eventstream": "^3.972.21", "@aws-sdk/middleware-websocket": "^3.972.35", "@aws-sdk/token-providers": "3.1079.0", "@aws-sdk/types": "^3.973.15", "@smithy/core": "^3.29.0", "@smithy/fetch-http-handler": "^5.6.2", "@smithy/node-http-handler": "^4.9.2", "@smithy/types": "^4.15.1", "tslib": "^2.6.2" } }, "sha512-+LxXUhnDsQ4Yr+zSQbROKClMfIRA8mLPtZgQukb6omczIqmi0yvDmbLovdLJGnm9GRj83kKSxWV24Ms5aUgJfg=="],

    "@aws-sdk/core": ["@aws-sdk/core@3.974.27", "", { "dependencies": { "@aws-sdk/types": "^3.973.15", "@aws-sdk/xml-builder": "^3.972.33", "@aws/lambda-invoke-store": "^0.3.0", "@smithy/core": "^3.29.0", "@smithy/signature-v4": "^5.6.1", "@smithy/types": "^4.15.1", "bowser": "^2.11.0", "tslib": "^2.6.2" } }, "sha512-WRWEgIq6vx+NU6ot3VrRu4Jovj9MIObitSi6of/GV5THDDPccBhivCRNkWJutMM+m3GvdeI3l/UbGNcoOobxOA=="],

    "@aws-sdk/credential-provider-env": ["@aws-sdk/credential-provider-env@3.972.53", "", { "dependencies": { "@aws-sdk/core": "^3.974.27", "@aws-sdk/types": "^3.973.15", "@smithy/core": "^3.29.0", "@smithy/types": "^4.15.1", "tslib": "^2.6.2" } }, "sha512-+KDA3uc/HZ1vIneGu5QMQb0gAXDYrm2vOE60+BJ7lS0YinMQ5i2oV4PR1A16XkF6K1IbSwjEHd1hQIIgMsK48w=="],

    "@aws-sdk/credential-provider-http": ["@aws-sdk/credential-provider-http@3.972.55", "", { "dependencies": { "@aws-sdk/core": "^3.974.27", "@aws-sdk/types": "^3.973.15", "@smithy/core": "^3.29.0", "@smithy/fetch-http-handler": "^5.6.2", "@smithy/node-http-handler": "^4.9.2", "@smithy/types": "^4.15.1", "tslib": "^2.6.2" } }, "sha512-1gBfkWY3RWeBlCoB9lIJjXMx45/54wxcgfzv6BY9otTmMrZPcNPi1v+MwZxxaCUg441NV3jsr1efnFNCXiW70g=="],

    "@aws-sdk/credential-provider-ini": ["@aws-sdk/credential-provider-ini@3.972.60", "", { "dependencies": { "@aws-sdk/core": "^3.974.27", "@aws-sdk/credential-provider-env": "^3.972.53", "@aws-sdk/credential-provider-http": "^3.972.55", "@aws-sdk/credential-provider-login": "^3.972.59", "@aws-sdk/credential-provider-process": "^3.972.53", "@aws-sdk/credential-provider-sso": "^3.972.59", "@aws-sdk/credential-provider-web-identity": "^3.972.59", "@aws-sdk/nested-clients": "^3.997.27", "@aws-sdk/types": "^3.973.15", "@smithy/core": "^3.29.0", "@smithy/credential-provider-imds": "^4.4.5", "@smithy/types": "^4.15.1", "tslib": "^2.6.2" } }, "sha512-CV2md+PXvABwRjApWGhQ0wACy9WSFIhnUGrovLcjnjBCd/46TbuivLADtkF8IWNjtCQmQ+2IagSaxqBYqXBNAQ=="],

    "@aws-sdk/credential-provider-login": ["@aws-sdk/credential-provider-login@3.972.59", "", { "dependencies": { "@aws-sdk/core": "^3.974.27", "@aws-sdk/nested-clients": "^3.997.27", "@aws-sdk/types": "^3.973.15", "@smithy/core": "^3.29.0", "@smithy/types": "^4.15.1", "tslib": "^2.6.2" } }, "sha512-JG4S9yyA1GFzJdJXqLKrUzZbyK+VDp2QIsJD7YOicJHAhqymfHpDJIok2dLnhOdVB0I37RjdC53uOwCMVS00gw=="],

    "@aws-sdk/credential-provider-node": ["@aws-sdk/credential-provider-node@3.972.62", "", { "dependencies": { "@aws-sdk/credential-provider-env": "^3.972.53", "@aws-sdk/credential-provider-http": "^3.972.55", "@aws-sdk/credential-provider-ini": "^3.972.60", "@aws-sdk/credential-provider-process": "^3.972.53", "@aws-sdk/credential-provider-sso": "^3.972.59", "@aws-sdk/credential-provider-web-identity": "^3.972.59", "@aws-sdk/types": "^3.973.15", "@smithy/core": "^3.29.0", "@smithy/credential-provider-imds": "^4.4.5", "@smithy/types": "^4.15.1", "tslib": "^2.6.2" } }, "sha512-S6Slq3Tx7bvFk5yc34XNADyZYTX2HUXvaFAnowGRQnhjBO8J/mP62Fn7lxvJwjaDyYm/7gh9h6HEHaltRyMFXw=="],

    "@aws-sdk/credential-provider-process": ["@aws-sdk/credential-provider-process@3.972.53", "", { "dependencies": { "@aws-sdk/core": "^3.974.27", "@aws-sdk/types": "^3.973.15", "@smithy/core": "^3.29.0", "@smithy/types": "^4.15.1", "tslib": "^2.6.2" } }, "sha512-EhfH+MQlqOMCkXIVa8MMObPzAQqwTTtxA7KhEJiyPeuNVA8PLOOUpgK7nBrgaDaGiIDLN/9LpGdaHuDjomeRTw=="],

    "@aws-sdk/credential-provider-sso": ["@aws-sdk/credential-provider-sso@3.972.59", "", { "dependencies": { "@aws-sdk/core": "^3.974.27", "@aws-sdk/nested-clients": "^3.997.27", "@aws-sdk/token-providers": "3.1079.0", "@aws-sdk/types": "^3.973.15", "@smithy/core": "^3.29.0", "@smithy/types": "^4.15.1", "tslib": "^2.6.2" } }, "sha512-h8793pOjcImx0SB+VcLONcaQQ57VAvKVuqyewQMRKqqH+CSXsG2dwOeLMUJPMxLdNvL7dXOM0ueTukyNUnu5mA=="],

    "@aws-sdk/credential-provider-web-identity": ["@aws-sdk/credential-provider-web-identity@3.972.59", "", { "dependencies": { "@aws-sdk/core": "^3.974.27", "@aws-sdk/nested-clients": "^3.997.27", "@aws-sdk/types": "^3.973.15", "@smithy/core": "^3.29.0", "@smithy/types": "^4.15.1", "tslib": "^2.6.2" } }, "sha512-VoyO9+vl3XVmpZwn4obskrWIkrA/Jf3lSe1E3ZERlaN9u0D4YZ6+HywC3+L98QOXqZesEfedk67gRER8tK8+8w=="],

    "@aws-sdk/eventstream-handler-node": ["@aws-sdk/eventstream-handler-node@3.972.25", "", { "dependencies": { "@aws-sdk/types": "^3.973.15", "@smithy/core": "^3.29.0", "@smithy/types": "^4.15.1", "tslib": "^2.6.2" } }, "sha512-df7HN1ozwMrB9+59re9PM7tSLxLAcheMWc5u/KyfCPCAWtN/vP7y7RTUZOy48uT1K9MESisVeOPPzF3O1AW01A=="],

    "@aws-sdk/middleware-eventstream": ["@aws-sdk/middleware-eventstream@3.972.21", "", { "dependencies": { "@aws-sdk/types": "^3.973.15", "@smithy/core": "^3.29.0", "@smithy/types": "^4.15.1", "tslib": "^2.6.2" } }, "sha512-HvLgDnxBLaHi9E5K++6Vuk+1+qqn7Pmn8zrlzd+NXH3jBzwujnuzZtAR9WHPkbUGPO92FkoQWj/M1IsdxTlBmQ=="],

    "@aws-sdk/middleware-websocket": ["@aws-sdk/middleware-websocket@3.972.35", "", { "dependencies": { "@aws-sdk/core": "^3.974.27", "@aws-sdk/types": "^3.973.15", "@smithy/core": "^3.29.0", "@smithy/fetch-http-handler": "^5.6.2", "@smithy/signature-v4": "^5.6.1", "@smithy/types": "^4.15.1", "tslib": "^2.6.2" } }, "sha512-7/ZAlq5o5A9FnRsQEftZvcct9LVZf1YaYmWR3eOzyJAdKU66YpOKy5ahUVvyBvCTLyO4Ej4yWIk8dllWNXPBsw=="],

    "@aws-sdk/nested-clients": ["@aws-sdk/nested-clients@3.997.27", "", { "dependencies": { "@aws-sdk/core": "^3.974.27", "@aws-sdk/signature-v4-multi-region": "^3.996.38", "@aws-sdk/types": "^3.973.15", "@smithy/core": "^3.29.0", "@smithy/fetch-http-handler": "^5.6.2", "@smithy/node-http-handler": "^4.9.2", "@smithy/types": "^4.15.1", "tslib": "^2.6.2" } }, "sha512-A8PIePF9NIIOJ/4Lg1rl9xm/+QaKkHGetq+Z9wb5B+3Da31YYXRo8n7IDMh5C+HQI5eyEmjrwkGWVdYtnLtbXQ=="],

    "@aws-sdk/signature-v4-multi-region": ["@aws-sdk/signature-v4-multi-region@3.996.38", "", { "dependencies": { "@aws-sdk/types": "^3.973.15", "@smithy/signature-v4": "^5.6.1", "@smithy/types": "^4.15.1", "tslib": "^2.6.2" } }, "sha512-C379Sk+MiFZCfWZphKlMyLHKxV22OjoGM5KJjj5IJNJcOCWL4IGIpnEGzv1FQiRwhYXfq55SJMfxlqPE08JJ9g=="],

    "@aws-sdk/token-providers": ["@aws-sdk/token-providers@3.1079.0", "", { "dependencies": { "@aws-sdk/core": "^3.974.27", "@aws-sdk/nested-clients": "^3.997.27", "@aws-sdk/types": "^3.973.15", "@smithy/core": "^3.29.0", "@smithy/types": "^4.15.1", "tslib": "^2.6.2" } }, "sha512-cbietrLlHPhhmbnMPTuDS4Zj/KNGhY+3vVhn6dwjO6Dqzrwothzg2srtcY34T9mlICsTXn34avDoWLHSntP54A=="],

    "@aws-sdk/types": ["@aws-sdk/types@3.973.15", "", { "dependencies": { "@smithy/types": "^4.15.1", "tslib": "^2.6.2" } }, "sha512-IULn8uBV/SMtmOIANsm4WHXIOtVPBWfOWs3WGL0j/sI+KhaYehvOw0ET+9urnn8MBpiijuU/0JOpuwKOE451PQ=="],

    "@aws-sdk/xml-builder": ["@aws-sdk/xml-builder@3.972.33", "", { "dependencies": { "@smithy/types": "^4.15.1", "tslib": "^2.6.2" } }, "sha512-ezbwz9WpuLctm6o7P2t2naDhVVPI5jFGrVefVybhcKGjU57VIyT46pQVO0RI2RYkUdhdj2Z9uSIlAzGZE9NW9A=="],

    "@aws/lambda-invoke-store": ["@aws/lambda-invoke-store@0.3.0", "", {}, "sha512-sl4Bm6yiMNYrZKkqqDFWN0UfnWhlS8ivKxrYl+6t0gCLrqr8y3B2IqZZbFRkfaVVp7C/baApyh71P+LeE1A2sQ=="],

    "@eslint-community/eslint-utils": ["@eslint-community/eslint-utils@4.9.1", "", { "dependencies": { "eslint-visitor-keys": "^3.4.3" }, "peerDependencies": { "eslint": "^6.0.0 || ^7.0.0 || >=8.0.0" } }, "sha512-phrYmNiYppR7znFEdqgfWHXR6NCkZEK7hwWDHZUjit/2/U0r6XvkDl0SYnoM51Hq7FhCGdLDT6zxCCOY1hexsQ=="],

    "@eslint-community/regexpp": ["@eslint-community/regexpp@4.12.2", "", {}, "sha512-EriSTlt5OC9/7SXkRSCAhfSxxoSUgBm33OH+IkwbdpgoqsSsUg7y3uh+IICI/Qg4BBWr3U2i39RpmycbxMq4ew=="],

    "@eslint/config-array": ["@eslint/config-array@0.23.5", "", { "dependencies": { "@eslint/object-schema": "^3.0.5", "debug": "^4.3.1", "minimatch": "^10.2.4" } }, "sha512-Y3kKLvC1dvTOT+oGlqNQ1XLqK6D1HU2YXPc52NmAlJZbMMWDzGYXMiPRJ8TYD39muD/OTjlZmNJ4ib7dvSrMBA=="],

    "@eslint/config-helpers": ["@eslint/config-helpers@0.6.0", "", { "dependencies": { "@eslint/core": "^1.2.1" } }, "sha512-ii6Bw9jJ2zi2cWA2Z+9/QZ/+3DX6kwaV5Q986D/CdP3Lap3w/pgQZ373FV7byY/i7L4IRH/G43I5dz1ClsCbpA=="],

    "@eslint/core": ["@eslint/core@1.2.1", "", { "dependencies": { "@types/json-schema": "^7.0.15" } }, "sha512-MwcE1P+AZ4C6DWlpin/OmOA54mmIZ/+xZuJiQd4SyB29oAJjN30UW9wkKNptW2ctp4cEsvhlLY/CsQ1uoHDloQ=="],

    "@eslint/object-schema": ["@eslint/object-schema@3.0.5", "", {}, "sha512-vqTaUEgxzm+YDSdElad6PiRoX4t8VGDjCtt05zn4nU810UIx/uNEV7/lZJ6KwFThKZOzOxzXy48da+No7HZaMw=="],

    "@eslint/plugin-kit": ["@eslint/plugin-kit@0.7.2", "", { "dependencies": { "@eslint/core": "^1.2.1", "levn": "^0.4.1" } }, "sha512-+CNAzxglkrpNf/kKywqQfk74QjtceuOE7Qm+AF8miRvPF/wmmK5+OJOgVh3AVTT3RP2mH3+FOaxlE5v72owk0A=="],

    "@humanfs/core": ["@humanfs/core@0.19.2", "", { "dependencies": { "@humanfs/types": "^0.15.0" } }, "sha512-UhXNm+CFMWcbChXywFwkmhqjs3PRCmcSa/hfBgLIb7oQ5HNb1wS0icWsGtSAUNgefHeI+eBrA8I1fxmbHsGdvA=="],

    "@humanfs/node": ["@humanfs/node@0.16.8", "", { "dependencies": { "@humanfs/core": "^0.19.2", "@humanfs/types": "^0.15.0", "@humanwhocodes/retry": "^0.4.0" } }, "sha512-gE1eQNZ3R++kTzFUpdGlpmy8kDZD/MLyHqDwqjkVQI0JMdI1D51sy1H958PNXYkM2rAac7e5/CnIKZrHtPh3BQ=="],

    "@humanfs/types": ["@humanfs/types@0.15.0", "", {}, "sha512-ZZ1w0aoQkwuUuC7Yf+7sdeaNfqQiiLcSRbfI08oAxqLtpXQr9AIVX7Ay7HLDuiLYAaFPu8oBYNq/QIi9URHJ3Q=="],

    "@humanwhocodes/module-importer": ["@humanwhocodes/module-importer@1.0.1", "", {}, "sha512-bxveV4V8v5Yb4ncFTT3rPSgZBOpCkjfK0y4oVVVJwIuDVBRMDXrPyXRL988i5ap9m9bnyEEjWfm5WkBmtffLfA=="],

    "@humanwhocodes/retry": ["@humanwhocodes/retry@0.4.3", "", {}, "sha512-bV0Tgo9K4hfPCek+aMAn81RppFKv2ySDQeMoSZuvTASywNTnVJCArCZE2FWqpvIatKu7VMRLWlR1EazvVhDyhQ=="],

    "@opentelemetry/api": ["@opentelemetry/api@1.9.0", "", {}, "sha512-3giAOQvZiH5F9bMlMiv8+GSPMeqg0dbaeo58/0SlA9sxSqZhnUtxzX9/2FzyhS9sWQf5S0GJE0AKBrFqjpeYcg=="],

    "@smithy/core": ["@smithy/core@3.29.1", "", { "dependencies": { "@smithy/types": "^4.15.1", "tslib": "^2.6.2" } }, "sha512-qoiY4nrk5OCu1+eIR1VB8l5DmON/oKiqrd5zZFAhXJXjJlLWQusKEW/SkBDAtGDcPaz86m9kfcE1lngU0GlM6A=="],

    "@smithy/credential-provider-imds": ["@smithy/credential-provider-imds@4.4.6", "", { "dependencies": { "@smithy/core": "^3.29.1", "@smithy/types": "^4.15.1", "tslib": "^2.6.2" } }, "sha512-B2WQ/PV/H6Jeg3lrIq6bKUfa6Hy01mtK7CGs6lhjzHA6k4aagldH6T6eEjnzKl4HI0cJnAsxfJ19pgb5PV+CVQ=="],

    "@smithy/eventstream-codec": ["@smithy/eventstream-codec@4.4.6", "", { "dependencies": { "@smithy/core": "^3.29.1", "tslib": "^2.6.2" } }, "sha512-4N/HbPptAjynK/FDrTiSAEXmpEDcQw54SeY7qnKbNMOcbHK0B0nEq+OKDYXrnqyp5YhZGzXFDUJANGkdzz6H5Q=="],

    "@smithy/fetch-http-handler": ["@smithy/fetch-http-handler@5.6.3", "", { "dependencies": { "@smithy/core": "^3.29.1", "@smithy/types": "^4.15.1", "tslib": "^2.6.2" } }, "sha512-CwCc/7SMTj45y97MUnDTbTaxvtAsiNNRm81z3abROIuMbMsC2Iy5EKfkkVdsKrz8WExQAAMx1EJapq+9j4fFTQ=="],

    "@smithy/node-http-handler": ["@smithy/node-http-handler@4.9.3", "", { "dependencies": { "@smithy/core": "^3.29.1", "@smithy/types": "^4.15.1", "tslib": "^2.6.2" } }, "sha512-qZTa4gQFUo8RM02rk6q5UVTDLNrQ1oS20LsepBzqq1QBVc/EHJ03OOUADcqMZiXHArW+Y7+OGY0BpdTwZRq/Yg=="],

    "@smithy/signature-v4": ["@smithy/signature-v4@5.6.2", "", { "dependencies": { "@smithy/core": "^3.29.1", "@smithy/types": "^4.15.1", "tslib": "^2.6.2" } }, "sha512-QgHflghMoPxCJ9axiCVh8KZfbC9fuP6vkXXyK//E3cq7nLaSSyyLj0GAoqVWezYeDQmXIZhmlRvLE16jsqDK6g=="],

    "@smithy/types": ["@smithy/types@4.15.1", "", { "dependencies": { "tslib": "^2.6.2" } }, "sha512-x3L0XSACF6UYzKpa9biqiRMgvH5+wnFFew9Tm/grFYqgaupPwx/+ojDPpPJM8dZON3S9tjz5U+PQYsCBd1Mw5Q=="],

    "@smithy/util-utf8": ["@smithy/util-utf8@4.4.6", "", { "dependencies": { "@smithy/core": "^3.29.1", "tslib": "^2.6.2" } }, "sha512-gncTZwzB/RTzm29VvK1nZhCHdPjBkR8pNaFtUMbQpkG6vFMjPHe/RsnmMXfrYj8Qs5s6QH5f1Mp9CBXFOHxqlQ=="],

    "@sockt/cadvp": ["@sockt/cadvp@workspace:packages/cadvp"],

    "@sockt/fsm": ["@sockt/fsm@workspace:packages/fsm"],

    "@sockt/gbrain-mcp": ["@sockt/gbrain-mcp@workspace:packages/gbrain-mcp"],

    "@sockt/memory": ["@sockt/memory@workspace:packages/memory"],

    "@sockt/orch": ["@sockt/orch@workspace:packages/orch"],

    "@sockt/runtime": ["@sockt/runtime@workspace:packages/runtime"],

    "@sockt/types": ["@sockt/types@workspace:packages/types"],

    "@sockt/ui": ["@sockt/ui@workspace:packages/ui"],

    "@standard-schema/spec": ["@standard-schema/spec@1.1.0", "", {}, "sha512-l2aFy5jALhniG5HgqrD6jXLi/rUWrKvqN/qJx6yoJsgKhblVd+iqqU4RCXavm/jPityDo5TCvKMnpjKnOriy0w=="],

    "@types/bun": ["@types/bun@1.3.14", "", { "dependencies": { "bun-types": "1.3.14" } }, "sha512-h1hFqFVcvAvD9j9K7ZW7vd82aSA+rTdznZa+5bwvCwqSB1jmmfLcbIWhOLx1/+boy/xmjgCs/OMUL8hRJSmnPw=="],

    "@types/diff-match-patch": ["@types/diff-match-patch@1.0.36", "", {}, "sha512-xFdR6tkm0MWvBfO8xXCSsinYxHcqkQUlcHeSpMC2ukzOb6lwQAfDmW+Qt0AvlGd8HpsS28qKsB+oPeJn9I39jg=="],

    "@types/esrecurse": ["@types/esrecurse@4.3.1", "", {}, "sha512-xJBAbDifo5hpffDBuHl0Y8ywswbiAp/Wi7Y/GtAgSlZyIABppyurxVueOPE8LUQOxdlgi6Zqce7uoEpqNTeiUw=="],

    "@types/estree": ["@types/estree@1.0.9", "", {}, "sha512-GhdPgy1el4/ImP05X05Uw4cw2/M93BCUmnEvWZNStlCzEKME4Fkk+YpoA5OiHNQmoS7Cafb8Xa3Pya8m1Qrzeg=="],

    "@types/json-schema": ["@types/json-schema@7.0.15", "", {}, "sha512-5+fP8P8MFNC+AyZCDxrB2pkZFPGzqQWUzpSeuuVLvm8VMcorNYavBqoFcxK8bQz4Qsbn4oUEEem4wDLfcysGHA=="],

    "@types/node": ["@types/node@26.0.0", "", { "dependencies": { "undici-types": "~8.3.0" } }, "sha512-vf2YFi1iY9lHGwNJMs01biZFbKJkrZR1T6/MlzjhJLPdntOHLhTrDSnSVcdtvjihi4VQNlrFRIxLsDBlQpAipA=="],

    "@types/node-cron": ["@types/node-cron@3.0.11", "", {}, "sha512-0ikrnug3/IyneSHqCBeslAhlK2aBfYek1fGo4bP4QnZPmiqSGRK+Oy7ZMisLWkesffJvQ1cqAcBnJC+8+nxIAg=="],

    "@types/react": ["@types/react@19.2.17", "", { "dependencies": { "csstype": "^3.2.2" } }, "sha512-MXfmqaVPEVgkBT/aY0aGCkRWWtByiYQXo3xdQ8r5RzuFrPiRn8Gar2tQdXSUQ2GKV3bkXckek89V8wQBY2Q/Aw=="],

    "@types/react-dom": ["@types/react-dom@19.2.3", "", { "peerDependencies": { "@types/react": "^19.2.0" } }, "sha512-jp2L/eY6fn+KgVVQAOqYItbF0VY/YApe5Mz2F0aykSO8gx31bYCZyvSeYxCHKvzHG5eZjc+zyaS5BrBWya2+kQ=="],

    "@workflow/serde": ["@workflow/serde@4.1.0", "", {}, "sha512-pav4F2BoirECWR7Nf1TKt+2eETcBj7jj4cBefQ8VXQCA6NPkaKeLfj/zMgi+3zYV5ZIBT4GuUiphsj0/b9hPQQ=="],

    "acorn": ["acorn@8.17.0", "", { "bin": { "acorn": "bin/acorn" } }, "sha512-xRQbDb9BnwDafYNn6Vwl839DYVjqXYb1XVGtWAZ1kcDc6iwAL4hg3B1dZlRiuENFeO2H53gFG3in621AdERVAg=="],

    "acorn-jsx": ["acorn-jsx@5.3.2", "", { "peerDependencies": { "acorn": "^6.0.0 || ^7.0.0 || ^8.0.0" } }, "sha512-rq9s+JNhf0IChjtDXxllJ7g41oZk5SlXtp0LHwyA5cejwn7vKmKp4pPri6YEePv2PU65sAsegbXtIinmDFDXgQ=="],

    "ai": ["ai@4.3.19", "", { "dependencies": { "@ai-sdk/provider": "1.1.3", "@ai-sdk/provider-utils": "2.2.8", "@ai-sdk/react": "1.2.12", "@ai-sdk/ui-utils": "1.2.11", "@opentelemetry/api": "1.9.0", "jsondiffpatch": "0.6.0" }, "peerDependencies": { "react": "^18 || ^19 || ^19.0.0-rc", "zod": "^3.23.8" }, "optionalPeers": ["react"] }, "sha512-dIE2bfNpqHN3r6IINp9znguYdhIOheKW2LDigAMrgt/upT3B8eBGPSCblENvaZGoq+hxaN9fSMzjWpbqloP+7Q=="],

    "ajv": ["ajv@6.15.0", "", { "dependencies": { "fast-deep-equal": "^3.1.1", "fast-json-stable-stringify": "^2.0.0", "json-schema-traverse": "^0.4.1", "uri-js": "^4.2.2" } }, "sha512-fgFx7Hfoq60ytK2c7DhnF8jIvzYgOMxfugjLOSMHjLIPgenqa7S7oaagATUq99mV6IYvN2tRmC0wnTYX6iPbMw=="],

    "aws4fetch": ["aws4fetch@1.0.20", "", {}, "sha512-/djoAN709iY65ETD6LKCtyyEI04XIBP5xVvfmNxsEP0uJB5tyaGBztSryRr4HqMStr9R06PisQE7m9zDTXKu6g=="],

    "balanced-match": ["balanced-match@4.0.4", "", {}, "sha512-BLrgEcRTwX2o6gGxGOCNyMvGSp35YofuYzw9h1IMTRmKqttAZZVU67bdb9Pr2vUHA8+j3i2tJfjO6C6+4myGTA=="],

    "bowser": ["bowser@2.14.1", "", {}, "sha512-tzPjzCxygAKWFOJP011oxFHs57HzIhOEracIgAePE4pqB3LikALKnSzUyU4MGs9/iCEUuHlAJTjTc5M+u7YEGg=="],

    "brace-expansion": ["brace-expansion@5.0.6", "", { "dependencies": { "balanced-match": "^4.0.2" } }, "sha512-kLpxurY4Z4r9sgMsyG0Z9uzsBlgiU/EFKhj/h91/8yHu0edo7XuixOIH3VcJ8kkxs6/jPzoI6U9Vj3WqbMQ94g=="],

    "bun-types": ["bun-types@1.3.14", "", { "dependencies": { "@types/node": "*" } }, "sha512-4N0ig0fEomHt5R0KCFWjovxow98rIoRwKolrYdCcknNwMekCXRnWEUvgu5soYV8QXtVsrUD8B95MBOZGPvr6KQ=="],

    "chalk": ["chalk@5.6.2", "", {}, "sha512-7NzBL0rN6fMUW+f7A6Io4h40qQlG+xGmtMxfbnH/K7TAtt8JQWVQK+6g0UXKMeVJoyV5EkkNsErQ8pVD3bLHbA=="],

    "cross-spawn": ["cross-spawn@7.0.6", "", { "dependencies": { "path-key": "^3.1.0", "shebang-command": "^2.0.0", "which": "^2.0.1" } }, "sha512-uV2QOWP2nWzsy2aMp8aRibhi9dlzF5Hgh5SHaB9OiTGEyDTiJJyx0uy51QXdyWbtAHNua4XJzUKca3OzKUd3vA=="],

    "csstype": ["csstype@3.2.3", "", {}, "sha512-z1HGKcYy2xA8AGQfwrn0PAy+PB7X/GSj3UVJW9qKyn43xWa+gl5nXmU4qqLMRzWVLFC8KusUX8T/0kCiOYpAIQ=="],

    "debug": ["debug@4.4.3", "", { "dependencies": { "ms": "^2.1.3" }, "peerDependencies": { "supports-color": "*" }, "optionalPeers": ["supports-color"] }, "sha512-RGwwWnwQvkVfavKVt22FGLw+xYSdzARwm0ru6DhTVA3umU5hZc28V3kO4stgYryrTlLpuvgI9GiijltAjNbcqA=="],

    "deep-is": ["deep-is@0.1.4", "", {}, "sha512-oIPzksmTg4/MriiaYGO+okXDT7ztn/w3Eptv/+gSIdMdKsJo0u4CfYNFJPy+4SKMuCqGw2wxnA+URMg3t8a/bQ=="],

    "dequal": ["dequal@2.0.3", "", {}, "sha512-0je+qPKHEMohvfRTCEo3CrPG6cAzAYgmzKyxRiYSSDkS6eGJdyVJm7WaYA5ECaAD9wLB2T4EEeymA5aFVcYXCA=="],

    "diff-match-patch": ["diff-match-patch@1.0.5", "", {}, "sha512-IayShXAgj/QMXgB0IWmKx+rOPuGMhqm5w6jvFxmVenXKIzRqTAAsbBPT3kWQeGANj3jGgvcvv4yK6SxqYmikgw=="],

    "escape-string-regexp": ["escape-string-regexp@4.0.0", "", {}, "sha512-TtpcNJ3XAzx3Gq8sWRzJaVajRs0uVxA2YAkdb1jm2YkPz4G6egUFAyA3n5vtEIZefPk5Wa4UXbKuS5fKkJWdgA=="],

    "eslint": ["eslint@10.5.0", "", { "dependencies": { "@eslint-community/eslint-utils": "^4.8.0", "@eslint-community/regexpp": "^4.12.2", "@eslint/config-array": "^0.23.5", "@eslint/config-helpers": "^0.6.0", "@eslint/core": "^1.2.1", "@eslint/plugin-kit": "^0.7.2", "@humanfs/node": "^0.16.6", "@humanwhocodes/module-importer": "^1.0.1", "@humanwhocodes/retry": "^0.4.2", "@types/estree": "^1.0.6", "ajv": "^6.14.0", "cross-spawn": "^7.0.6", "debug": "^4.3.2", "escape-string-regexp": "^4.0.0", "eslint-scope": "^9.1.2", "eslint-visitor-keys": "^5.0.1", "espree": "^11.2.0", "esquery": "^1.7.0", "esutils": "^2.0.2", "fast-deep-equal": "^3.1.3", "file-entry-cache": "^8.0.0", "find-up": "^5.0.0", "glob-parent": "^6.0.2", "ignore": "^5.2.0", "imurmurhash": "^0.1.4", "is-glob": "^4.0.0", "json-stable-stringify-without-jsonify": "^1.0.1", "minimatch": "^10.2.4", "natural-compare": "^1.4.0", "optionator": "^0.9.3" }, "peerDependencies": { "jiti": "*" }, "optionalPeers": ["jiti"], "bin": { "eslint": "bin/eslint.js" } }, "sha512-1y+7C+vi12bUK1IpZeaV3gsH9fHLBmPvYmPx42pvT/E9yG0IC8g3PUZZgp0+JLJl7ZDK0flc2gc+Aw9dpCvIsQ=="],

    "eslint-scope": ["eslint-scope@9.1.2", "", { "dependencies": { "@types/esrecurse": "^4.3.1", "@types/estree": "^1.0.8", "esrecurse": "^4.3.0", "estraverse": "^5.2.0" } }, "sha512-xS90H51cKw0jltxmvmHy2Iai1LIqrfbw57b79w/J7MfvDfkIkFZ+kj6zC3BjtUwh150HsSSdxXZcsuv72miDFQ=="],

    "eslint-visitor-keys": ["eslint-visitor-keys@5.0.1", "", {}, "sha512-tD40eHxA35h0PEIZNeIjkHoDR4YjjJp34biM0mDvplBe//mB+IHCqHDGV7pxF+7MklTvighcCPPZC7ynWyjdTA=="],

    "espree": ["espree@11.2.0", "", { "dependencies": { "acorn": "^8.16.0", "acorn-jsx": "^5.3.2", "eslint-visitor-keys": "^5.0.1" } }, "sha512-7p3DrVEIopW1B1avAGLuCSh1jubc01H2JHc8B4qqGblmg5gI9yumBgACjWo4JlIc04ufug4xJ3SQI8HkS/Rgzw=="],

    "esquery": ["esquery@1.7.0", "", { "dependencies": { "estraverse": "^5.1.0" } }, "sha512-Ap6G0WQwcU/LHsvLwON1fAQX9Zp0A2Y6Y/cJBl9r/JbW90Zyg4/zbG6zzKa2OTALELarYHmKu0GhpM5EO+7T0g=="],

    "esrecurse": ["esrecurse@4.3.0", "", { "dependencies": { "estraverse": "^5.2.0" } }, "sha512-KmfKL3b6G+RXvP8N1vr3Tq1kL/oCFgn2NYXEtqP8/L3pKapUA4G8cFVaoF3SU323CD4XypR/ffioHmkti6/Tag=="],

    "estraverse": ["estraverse@5.3.0", "", {}, "sha512-MMdARuVEQziNTeJD8DgMqmhwR11BRQ/cBP+pLtYdSTnf3MIO8fFeiINEbX36ZdNlfU/7A9f3gUw49B3oQsvwBA=="],

    "esutils": ["esutils@2.0.3", "", {}, "sha512-kVscqXk4OCp68SZ0dkgEKVi6/8ij300KBWTJq32P/dYeWTSwK41WyTxalN1eRmA5Z9UU/LX9D7FWSmV9SAYx6g=="],

    "eventsource-parser": ["eventsource-parser@3.1.0", "", {}, "sha512-kJezFj9YFAMLeORyi7aCLxLbD5/qWMQnoMVlVPyHIll7lgRJCc3JVln9Vgl9nwQi0YkMnhdGTMNn7CkRRAptMg=="],

    "fast-deep-equal": ["fast-deep-equal@3.1.3", "", {}, "sha512-f3qQ9oQy9j2AhBe/H9VC91wLmKBCCU/gDOnKNAYG5hswO7BLKj09Hc5HYNz9cGI++xlpDCIgDaitVs03ATR84Q=="],

    "fast-json-stable-stringify": ["fast-json-stable-stringify@2.1.0", "", {}, "sha512-lhd/wF+Lk98HZoTCtlVraHtfh5XYijIjalXck7saUtuanSDyLMxnHhSXEDJqHxD7msR8D0uCmqlkwjCV8xvwHw=="],

    "fast-levenshtein": ["fast-levenshtein@2.0.6", "", {}, "sha512-DCXu6Ifhqcks7TZKY3Hxp3y6qphY5SJZmrWMDrKcERSOXWQdMhU9Ig/PYrzyw/ul9jOIyh0N4M0tbC5hodg8dw=="],

    "file-entry-cache": ["file-entry-cache@8.0.0", "", { "dependencies": { "flat-cache": "^4.0.0" } }, "sha512-XXTUwCvisa5oacNGRP9SfNtYBNAMi+RPwBFmblZEF7N7swHYQS6/Zfk7SRwx4D5j3CH211YNRco1DEMNVfZCnQ=="],

    "find-up": ["find-up@5.0.0", "", { "dependencies": { "locate-path": "^6.0.0", "path-exists": "^4.0.0" } }, "sha512-78/PXT1wlLLDgTzDs7sjq9hzz0vXD+zn+7wypEe4fXQxCmdmqfGsEPQxmiCSQI3ajFV91bVSsvNtrJRiW6nGng=="],

    "flat-cache": ["flat-cache@4.0.1", "", { "dependencies": { "flatted": "^3.2.9", "keyv": "^4.5.4" } }, "sha512-f7ccFPK3SXFHpx15UIGyRJ/FJQctuKZ0zVuN3frBo4HnK3cay9VEW0R6yPYFHC0AgqhukPzKjq22t5DmAyqGyw=="],

    "flatted": ["flatted@3.4.2", "", {}, "sha512-PjDse7RzhcPkIJwy5t7KPWQSZ9cAbzQXcafsetQoD7sOJRQlGikNbx7yZp2OotDnJyrDcbyRq3Ttb18iYOqkxA=="],

    "glob-parent": ["glob-parent@6.0.2", "", { "dependencies": { "is-glob": "^4.0.3" } }, "sha512-XxwI8EOhVQgWp6iDL+3b0r86f4d6AX6zSU55HfB4ydCEuXLXc5FcYeOu+nnGftS4TEju/11rt4KJPTMgbfmv4A=="],

    "hono": ["hono@4.12.27", "", {}, "sha512-1yrb/+w6HWQJrUCLkJ2IF5jNIPvvFkblV5RNOYl6bV+OA6p9GLcMpHFFGTosSvHvcAUibuUukRqhlYI4z32C7Q=="],

    "ignore": ["ignore@5.3.2", "", {}, "sha512-hsBTNUqQTDwkWtcdYI2i06Y/nUBEsNEDJKjWdigLvegy8kDuJAS8uRlpkkcQpyEXL0Z/pjDy5HBmMjRCJ2gq+g=="],

    "imurmurhash": ["imurmurhash@0.1.4", "", {}, "sha512-JmXMZ6wuvDmLiHEml9ykzqO6lwFbof0GG4IkcGaENdCRDDmMVnny7s5HsIgHCbaq0w2MyPhDqkhTUgS2LU2PHA=="],

    "is-extglob": ["is-extglob@2.1.1", "", {}, "sha512-SbKbANkN603Vi4jEZv49LeVJMn4yGwsbzZworEoyEiutsN3nJYdbO36zfhGJ6QEDpOZIFkDtnq5JRxmvl3jsoQ=="],

    "is-glob": ["is-glob@4.0.3", "", { "dependencies": { "is-extglob": "^2.1.1" } }, "sha512-xelSayHH36ZgE7ZWhli7pW34hNbNl8Ojv5KVmkJD4hBdD3th8Tfk9vYasLM+mXWOZhFkgZfxhLSnrwRr4elSSg=="],

    "isexe": ["isexe@2.0.0", "", {}, "sha512-RHxMLp9lnKHGHRng9QFhRCMbYAcVpn69smSGcq3f36xjgVVWThj4qqLbTLlq7Ssj8B+fIQ1EuCEGI2lKsyQeIw=="],

    "json-buffer": ["json-buffer@3.0.1", "", {}, "sha512-4bV5BfR2mqfQTJm+V5tPPdf+ZpuhiIvTuAB5g8kcrXOZpTT/QwwVRWBywX1ozr6lEuPdbHxwaJlm9G6mI2sfSQ=="],

    "json-schema": ["json-schema@0.4.0", "", {}, "sha512-es94M3nTIfsEPisRafak+HDLfHXnKBhV3vU5eqPcS3flIWqcxJWgXHXiey3YrpaNsanY5ei1VoYEbOzijuq9BA=="],

    "json-schema-traverse": ["json-schema-traverse@0.4.1", "", {}, "sha512-xbbCH5dCYU5T8LcEhhuh7HJ88HXuW3qsI3Y0zOZFKfZEHcpWiHU/Jxzk629Brsab/mMiHQti9wMP+845RPe3Vg=="],

    "json-stable-stringify-without-jsonify": ["json-stable-stringify-without-jsonify@1.0.1", "", {}, "sha512-Bdboy+l7tA3OGW6FjyFHWkP5LuByj1Tk33Ljyq0axyzdk9//JSi2u3fP1QSmd1KNwq6VOKYGlAu87CisVir6Pw=="],

    "jsondiffpatch": ["jsondiffpatch@0.6.0", "", { "dependencies": { "@types/diff-match-patch": "^1.0.36", "chalk": "^5.3.0", "diff-match-patch": "^1.0.5" }, "bin": { "jsondiffpatch": "bin/jsondiffpatch.js" } }, "sha512-3QItJOXp2AP1uv7waBkao5nCvhEv+QmJAd38Ybq7wNI74Q+BBmnLn4EDKz6yI9xGAIQoUF87qHt+kc1IVxB4zQ=="],

    "keyv": ["keyv@4.5.4", "", { "dependencies": { "json-buffer": "3.0.1" } }, "sha512-oxVHkHR/EJf2CNXnWxRLW6mg7JyCCUcG0DtEGmL2ctUo1PNTin1PUil+r/+4r5MpVgC/fn1kjsx7mjSujKqIpw=="],

    "levn": ["levn@0.4.1", "", { "dependencies": { "prelude-ls": "^1.2.1", "type-check": "~0.4.0" } }, "sha512-+bT2uH4E5LGE7h/n3evcS/sQlJXCpIp6ym8OWJ5eV6+67Dsql/LaaT7qJBAt2rzfoa/5QBGBhxDix1dMt2kQKQ=="],

    "locate-path": ["locate-path@6.0.0", "", { "dependencies": { "p-locate": "^5.0.0" } }, "sha512-iPZK6eYjbxRu3uB4/WZ3EsEIMJFMqAoopl3R+zuq0UjcAm/MO6KCweDgPfP3elTztoKP3KtnVHxTn2NHBSDVUw=="],

    "minimatch": ["minimatch@10.2.5", "", { "dependencies": { "brace-expansion": "^5.0.5" } }, "sha512-MULkVLfKGYDFYejP07QOurDLLQpcjk7Fw+7jXS2R2czRQzR56yHRveU5NDJEOviH+hETZKSkIk5c+T23GjFUMg=="],

    "ms": ["ms@2.1.3", "", {}, "sha512-6FlzubTLZG3J2a/NVCAleEhjzq5oxgHyaCU9yYXvcLsvoVaHJq/s5xXI6/XXP6tz7R9xAOtHnSO/tXtF3WRTlA=="],

    "nanoid": ["nanoid@3.3.15", "", { "bin": { "nanoid": "bin/nanoid.cjs" } }, "sha512-y7Wygv/7mEOvxTuEQDB8StXdMRBWf1kR/tlhAzBRUFkB2jfcLOAxO/SHmOO2zgz1pVgK29/kyupn059/bCHdjA=="],

    "natural-compare": ["natural-compare@1.4.0", "", {}, "sha512-OWND8ei3VtNC9h7V60qff3SVobHr996CTwgxubgyQYEpg290h9J0buyECNNJexkFm5sOajh5G116RYA1c8ZMSw=="],

    "node-cron": ["node-cron@3.0.3", "", { "dependencies": { "uuid": "8.3.2" } }, "sha512-dOal67//nohNgYWb+nWmg5dkFdIwDm8EpeGYMekPMrngV3637lqnX0lbUcCtgibHTz6SEz7DAIjKvKDFYCnO1A=="],

    "optionator": ["optionator@0.9.4", "", { "dependencies": { "deep-is": "^0.1.3", "fast-levenshtein": "^2.0.6", "levn": "^0.4.1", "prelude-ls": "^1.2.1", "type-check": "^0.4.0", "word-wrap": "^1.2.5" } }, "sha512-6IpQ7mKUxRcZNLIObR0hz7lxsapSSIYNZJwXPGeF0mTVqGKFIXj1DQcMoT22S3ROcLyY/rz0PWaWZ9ayWmad9g=="],

    "p-limit": ["p-limit@3.1.0", "", { "dependencies": { "yocto-queue": "^0.1.0" } }, "sha512-TYOanM3wGwNGsZN2cVTYPArw454xnXj5qmWF1bEoAc4+cU/ol7GVh7odevjp1FNHduHc3KZMcFduxU5Xc6uJRQ=="],

    "p-locate": ["p-locate@5.0.0", "", { "dependencies": { "p-limit": "^3.0.2" } }, "sha512-LaNjtRWUBY++zB5nE/NwcaoMylSPk+S+ZHNB1TzdbMJMny6dynpAGt7X/tl/QYq3TIeE6nxHppbo2LGymrG5Pw=="],

    "path-exists": ["path-exists@4.0.0", "", {}, "sha512-ak9Qy5Q7jYb2Wwcey5Fpvg2KoAc/ZIhLSLOSBmRmygPsGwkVVt0fZa0qrtMz+m6tJTAHfZQ8FnmB4MG4LWy7/w=="],

    "path-key": ["path-key@3.1.1", "", {}, "sha512-ojmeN0qd+y0jszEtoY48r0Peq5dwMEkIlCOu6Q5f41lfkswXuKtYrhgoTpLnyIcHm24Uhqx+5Tqm2InSwLhE6Q=="],

    "prelude-ls": ["prelude-ls@1.2.1", "", {}, "sha512-vkcDPrRZo1QZLbn5RLGPpg/WmIQ65qoWWhcGKf/b5eplkkarX0m9z8ppCat4mlOqUsWpyNuYgO3VRyrYHSzX5g=="],

    "punycode": ["punycode@2.3.1", "", {}, "sha512-vYt7UD1U9Wg6138shLtLOvdAu+8DsC/ilFtEVHcH+wydcSpNE20AfSOduf6MkRFahL5FY7X1oU7nKVZFtfq8Fg=="],

    "react": ["react@19.2.7", "", {}, "sha512-HNe9WslTbXmFK8o8cmwgAeJFSBvt1bPdHCVKtaaV+WlAN36mpT4hcRpwbf3fY56ar2oIXzsBpOAiIRHAdY0OlQ=="],

    "react-dom": ["react-dom@19.2.7", "", { "dependencies": { "scheduler": "^0.27.0" }, "peerDependencies": { "react": "^19.2.7" } }, "sha512-t0BRVXvbiE/o20Hfw669rLbMCDWtYZLvmJigy2f0MxsXF+71pxhR3xOkspmsO8h3ZlNzyibAmtCa3l4lYKk6gQ=="],

    "scheduler": ["scheduler@0.27.0", "", {}, "sha512-eNv+WrVbKu1f3vbYJT/xtiF5syA5HPIMtf9IgY/nKg0sWqzAUEvqY/xm7OcZc/qafLx/iO9FgOmeSAp4v5ti/Q=="],

    "secure-json-parse": ["secure-json-parse@2.7.0", "", {}, "sha512-6aU+Rwsezw7VR8/nyvKTx8QpWH9FrcYiXXlqC4z5d5XQBDRqtbfsRjnwGyqbi3gddNtWHuEk9OANUotL26qKUw=="],

    "shebang-command": ["shebang-command@2.0.0", "", { "dependencies": { "shebang-regex": "^3.0.0" } }, "sha512-kHxr2zZpYtdmrN1qDjrrX/Z1rR1kG8Dx+gkpK1G4eXmvXswmcE1hTWBWYUzlraYw1/yZp6YuDY77YtvbN0dmDA=="],

    "shebang-regex": ["shebang-regex@3.0.0", "", {}, "sha512-7++dFhtcx3353uBaq8DDR4NuxBetBzC7ZQOhmTQInHEd6bSrXdiEyzCvG07Z44UYdLShWUyXt5M/yhz8ekcb1A=="],

    "swr": ["swr@2.4.2", "", { "dependencies": { "dequal": "^2.0.3", "use-sync-external-store": "^1.6.0" }, "peerDependencies": { "react": "^16.11.0 || ^17.0.0 || ^18.0.0 || ^19.0.0" } }, "sha512-ej644Y2bvkIajfR32KGeSSdBXQW+ScjGjkybZgSE7kFpk9eGnV44XY9FJylXi+W75pavSX1PVNB57W5EbhGIYw=="],

    "throttleit": ["throttleit@2.1.0", "", {}, "sha512-nt6AMGKW1p/70DF/hGBdJB57B8Tspmbp5gfJ8ilhLnt7kkr2ye7hzD6NVG8GGErk2HWF34igrL2CXmNIkzKqKw=="],

    "tslib": ["tslib@2.8.1", "", {}, "sha512-oJFu94HQb+KVduSUQL7wnpmqnfmLsOA/nAh6b6EH0wCEoK0/mPeXU6c3wKDV83MkOuHPRHtSXKKU99IBazS/2w=="],

    "type-check": ["type-check@0.4.0", "", { "dependencies": { "prelude-ls": "^1.2.1" } }, "sha512-XleUoc9uwGXqjWwXaUTZAmzMcFZ5858QA2vvx1Ur5xIcixXIP+8LnFDgRplU30us6teqdlskFfu+ae4K79Ooew=="],

    "typescript": ["typescript@5.9.3", "", { "bin": { "tsc": "bin/tsc", "tsserver": "bin/tsserver" } }, "sha512-jl1vZzPDinLr9eUt3J/t7V6FgNEw9QjvBPdysz9KfQDD41fQrC2Y4vKQdiaUpFT4bXlb1RHhLpp8wtm6M5TgSw=="],

    "undici-types": ["undici-types@8.3.0", "", {}, "sha512-j375ScV60dom+YkPFIfTLcOiPxkN/buHz5GobjLhixFuANaNs3C9l4GmrWqejgXWJ7BbJcFYpTEUkS1Ge8bpZQ=="],

    "uri-js": ["uri-js@4.4.1", "", { "dependencies": { "punycode": "^2.1.0" } }, "sha512-7rKUyy33Q1yc98pQ1DAmLtwX109F7TIfWlW1Ydo8Wl1ii1SeHieeh0HHfPeL2fMXK6z0s8ecKs9frCuLJvndBg=="],

    "use-sync-external-store": ["use-sync-external-store@1.6.0", "", { "peerDependencies": { "react": "^16.8.0 || ^17.0.0 || ^18.0.0 || ^19.0.0" } }, "sha512-Pp6GSwGP/NrPIrxVFAIkOQeyw8lFenOHijQWkUTrDvrF4ALqylP2C/KCkeS9dpUM3KvYRQhna5vt7IL95+ZQ9w=="],

    "uuid": ["uuid@14.0.1", "", { "bin": { "uuid": "dist-node/bin/uuid" } }, "sha512-6ZxzVpzDXDa3bJWaHilVayA+BH/1zmxCJoVgvmqJnid/gPoKHxUrS/aC/T6LGQtNHT+XHG9fXPJB4d+IrU30Ew=="],

    "which": ["which@2.0.2", "", { "dependencies": { "isexe": "^2.0.0" }, "bin": { "node-which": "./bin/node-which" } }, "sha512-BLI3Tl1TW3Pvl70l3yq3Y64i+awpwXqsGBYWkkqMtnbXgrMD+yj7rhW0kuEDxzJaYXGjEW5ogapKNMEKNMjibA=="],

    "word-wrap": ["word-wrap@1.2.5", "", {}, "sha512-BN22B5eaMMI9UMtjrGd5g5eCYPpCPDUy0FJXbYsaT5zYxjFOckS53SQDE3pWkVoWpHXVb3BrYcEN4Twa55B5cA=="],

    "yocto-queue": ["yocto-queue@0.1.0", "", {}, "sha512-rVksvsnNCdJ/ohGc6xgPwyN8eheCxsiLM8mxuE/t/mOVqJewPuO1miLpTHQiRgTKCLexL4MeAFVagts7HmNZ2Q=="],

    "zod": ["zod@4.4.3", "", {}, "sha512-ytENFjIJFl2UwYglde2jchW2Hwm4GJFLDiSXWdTrJQBIN9Fcyp7n4DhxJEiWNAJMV1/BqWfW/kkg71UDcHJyTQ=="],

    "zod-to-json-schema": ["zod-to-json-schema@3.25.2", "", { "peerDependencies": { "zod": "^3.25.28 || ^4" } }, "sha512-O/PgfnpT1xKSDeQYSCfRI5Gy3hPf91mKVDuYLUHZJMiDFptvP41MSnWofm8dnCm0256ZNfZIM7DSzuSMAFnjHA=="],

    "@ai-sdk/amazon-bedrock/@ai-sdk/anthropic": ["@ai-sdk/anthropic@4.0.7", "", { "dependencies": { "@ai-sdk/provider": "4.0.2", "@ai-sdk/provider-utils": "5.0.5" }, "peerDependencies": { "zod": "^3.25.76 || ^4.1.8" } }, "sha512-PaUAERndv7dI2IUlXM58RPmOx5MRl1jtC9ECkXl5TTi/08R3Ht8fY3d6X9ihKV3fk+JcnrEznR8gbhb1nguRZg=="],

    "@ai-sdk/amazon-bedrock/@ai-sdk/openai": ["@ai-sdk/openai@4.0.7", "", { "dependencies": { "@ai-sdk/provider": "4.0.2", "@ai-sdk/provider-utils": "5.0.5" }, "peerDependencies": { "zod": "^3.25.76 || ^4.1.8" } }, "sha512-55K0j8RRjcKosUvIl8u/+SMaS1wedq77xN2iuhlOvB/USbIgSmjkWKV9lqGhhp+Qxhnm3qg5NzrqOI1jmra9fQ=="],

    "@ai-sdk/anthropic/@ai-sdk/provider": ["@ai-sdk/provider@1.1.3", "", { "dependencies": { "json-schema": "^0.4.0" } }, "sha512-qZMxYJ0qqX/RfnuIaab+zp8UAeJn/ygXXAffR5I4N0n1IrvA6qBsjc8hXLmBiMV2zoXlifkacF7sEFnYnjBcqg=="],

    "@ai-sdk/anthropic/@ai-sdk/provider-utils": ["@ai-sdk/provider-utils@2.2.8", "", { "dependencies": { "@ai-sdk/provider": "1.1.3", "nanoid": "^3.3.8", "secure-json-parse": "^2.7.0" }, "peerDependencies": { "zod": "^3.23.8" } }, "sha512-fqhG+4sCVv8x7nFzYnFo19ryhAa3w096Kmc3hWxMQfW/TubPOmt3A6tYZhl4mUfQWWQMsuSkLrtjlWuXBVSGQA=="],

    "@ai-sdk/groq/@ai-sdk/provider": ["@ai-sdk/provider@1.1.3", "", { "dependencies": { "json-schema": "^0.4.0" } }, "sha512-qZMxYJ0qqX/RfnuIaab+zp8UAeJn/ygXXAffR5I4N0n1IrvA6qBsjc8hXLmBiMV2zoXlifkacF7sEFnYnjBcqg=="],

    "@ai-sdk/groq/@ai-sdk/provider-utils": ["@ai-sdk/provider-utils@2.2.8", "", { "dependencies": { "@ai-sdk/provider": "1.1.3", "nanoid": "^3.3.8", "secure-json-parse": "^2.7.0" }, "peerDependencies": { "zod": "^3.23.8" } }, "sha512-fqhG+4sCVv8x7nFzYnFo19ryhAa3w096Kmc3hWxMQfW/TubPOmt3A6tYZhl4mUfQWWQMsuSkLrtjlWuXBVSGQA=="],

    "@ai-sdk/openai/@ai-sdk/provider": ["@ai-sdk/provider@1.1.3", "", { "dependencies": { "json-schema": "^0.4.0" } }, "sha512-qZMxYJ0qqX/RfnuIaab+zp8UAeJn/ygXXAffR5I4N0n1IrvA6qBsjc8hXLmBiMV2zoXlifkacF7sEFnYnjBcqg=="],

    "@ai-sdk/openai/@ai-sdk/provider-utils": ["@ai-sdk/provider-utils@2.2.8", "", { "dependencies": { "@ai-sdk/provider": "1.1.3", "nanoid": "^3.3.8", "secure-json-parse": "^2.7.0" }, "peerDependencies": { "zod": "^3.23.8" } }, "sha512-fqhG+4sCVv8x7nFzYnFo19ryhAa3w096Kmc3hWxMQfW/TubPOmt3A6tYZhl4mUfQWWQMsuSkLrtjlWuXBVSGQA=="],

    "@ai-sdk/react/@ai-sdk/provider-utils": ["@ai-sdk/provider-utils@2.2.8", "", { "dependencies": { "@ai-sdk/provider": "1.1.3", "nanoid": "^3.3.8", "secure-json-parse": "^2.7.0" }, "peerDependencies": { "zod": "^3.23.8" } }, "sha512-fqhG+4sCVv8x7nFzYnFo19ryhAa3w096Kmc3hWxMQfW/TubPOmt3A6tYZhl4mUfQWWQMsuSkLrtjlWuXBVSGQA=="],

    "@ai-sdk/ui-utils/@ai-sdk/provider": ["@ai-sdk/provider@1.1.3", "", { "dependencies": { "json-schema": "^0.4.0" } }, "sha512-qZMxYJ0qqX/RfnuIaab+zp8UAeJn/ygXXAffR5I4N0n1IrvA6qBsjc8hXLmBiMV2zoXlifkacF7sEFnYnjBcqg=="],

    "@ai-sdk/ui-utils/@ai-sdk/provider-utils": ["@ai-sdk/provider-utils@2.2.8", "", { "dependencies": { "@ai-sdk/provider": "1.1.3", "nanoid": "^3.3.8", "secure-json-parse": "^2.7.0" }, "peerDependencies": { "zod": "^3.23.8" } }, "sha512-fqhG+4sCVv8x7nFzYnFo19ryhAa3w096Kmc3hWxMQfW/TubPOmt3A6tYZhl4mUfQWWQMsuSkLrtjlWuXBVSGQA=="],

    "@eslint-community/eslint-utils/eslint-visitor-keys": ["eslint-visitor-keys@3.4.3", "", {}, "sha512-wpc+LXeiyiisxPlEkUzU6svyS1frIO3Mgxj1fdy7Pm8Ygzguax2N3Fa/D/ag1WqbOprdI+uY6wMUl8/a2G+iag=="],

    "@sockt/runtime/@ai-sdk/amazon-bedrock": ["@ai-sdk/amazon-bedrock@1.1.6", "", { "dependencies": { "@ai-sdk/provider": "1.0.7", "@ai-sdk/provider-utils": "2.1.6", "@aws-sdk/client-bedrock-runtime": "^3.663.0" }, "peerDependencies": { "zod": "^3.0.0" } }, "sha512-h6SJWpku+i8OsSz0A4RT2g2uD+3E0SUgWHsWRIpxmPNgM1DnH6lgSby5sxqAZDY5xJyJtRFW5vB9G3GEBjHy/g=="],

    "ai/@ai-sdk/provider": ["@ai-sdk/provider@1.1.3", "", { "dependencies": { "json-schema": "^0.4.0" } }, "sha512-qZMxYJ0qqX/RfnuIaab+zp8UAeJn/ygXXAffR5I4N0n1IrvA6qBsjc8hXLmBiMV2zoXlifkacF7sEFnYnjBcqg=="],

    "ai/@ai-sdk/provider-utils": ["@ai-sdk/provider-utils@2.2.8", "", { "dependencies": { "@ai-sdk/provider": "1.1.3", "nanoid": "^3.3.8", "secure-json-parse": "^2.7.0" }, "peerDependencies": { "zod": "^3.23.8" } }, "sha512-fqhG+4sCVv8x7nFzYnFo19ryhAa3w096Kmc3hWxMQfW/TubPOmt3A6tYZhl4mUfQWWQMsuSkLrtjlWuXBVSGQA=="],

    "node-cron/uuid": ["uuid@8.3.2", "", { "bin": { "uuid": "dist/bin/uuid" } }, "sha512-+NYs2QeMWy+GWFOEm9xnn6HCDp0l7QBD7ml8zLUmJ+93Q5NF0NocErnwkTkXVFNiX3/fpC6afS8Dhb/gz7R7eg=="],

    "@ai-sdk/react/@ai-sdk/provider-utils/@ai-sdk/provider": ["@ai-sdk/provider@1.1.3", "", { "dependencies": { "json-schema": "^0.4.0" } }, "sha512-qZMxYJ0qqX/RfnuIaab+zp8UAeJn/ygXXAffR5I4N0n1IrvA6qBsjc8hXLmBiMV2zoXlifkacF7sEFnYnjBcqg=="],

    "@sockt/runtime/@ai-sdk/amazon-bedrock/@ai-sdk/provider": ["@ai-sdk/provider@1.0.7", "", { "dependencies": { "json-schema": "^0.4.0" } }, "sha512-q1PJEZ0qD9rVR+8JFEd01/QM++csMT5UVwYXSN2u54BrVw/D8TZLTeg2FEfKK00DgAx0UtWd8XOhhwITP9BT5g=="],

    "@sockt/runtime/@ai-sdk/amazon-bedrock/@ai-sdk/provider-utils": ["@ai-sdk/provider-utils@2.1.6", "", { "dependencies": { "@ai-sdk/provider": "1.0.7", "eventsource-parser": "^3.0.0", "nanoid": "^3.3.8", "secure-json-parse": "^2.7.0" }, "peerDependencies": { "zod": "^3.0.0" }, "optionalPeers": ["zod"] }, "sha512-Pfyaj0QZS22qyVn5Iz7IXcJ8nKIKlu2MeSAdKJzTwkAks7zdLaKVB+396Rqcp1bfQnxl7vaduQVMQiXUrgK8Gw=="],
  }
}
